
Microsoft Visual Studio Solution File, Format Version 12.00
# Visual Studio Version 17
VisualStudioVersion = 17.2.32602.215
MinimumVisualStudioVersion = 10.0.40219.1
Project("{9A19103F-16F7-4668-BE54-9A1E7A4F7556}") = "APP", "APP\APP.csproj", "{B168ED8B-8DF0-4EEC-9717-214E30BB7C40}"
EndProject
Global
	GlobalSection(SolutionConfigurationPlatforms) = preSolution
		Debug|Any CPU = Debug|Any CPU
		Release|Any CPU = Release|Any CPU
	EndGlobalSection
	GlobalSection(ProjectConfigurationPlatforms) = postSolution
		{B168ED8B-8DF0-4EEC-9717-214E30BB7C40}.Debug|Any CPU.ActiveCfg = Debug|Any CPU
		{B168ED8B-8DF0-4EEC-9717-214E30BB7C40}.Debug|Any CPU.Build.0 = Debug|Any CPU
		{B168ED8B-8DF0-4EEC-9717-214E30BB7C40}.Release|Any CPU.ActiveCfg = Release|Any CPU
		{B168ED8B-8DF0-4EEC-9717-214E30BB7C40}.Release|Any CPU.Build.0 = Release|Any CPU
	EndGlobalSection
	GlobalSection(SolutionProperties) = preSolution
		HideSolutionNode = FALSE
	EndGlobalSection
	GlobalSection(ExtensibilityGlobals) = postSolution
		SolutionGuid = {329A648B-3B70-4EE0-B7B6-29ED74D02F23}
	EndGlobalSection
EndGlobal
